
Microsoft Visual Studio Solution File, Format Version 12.00
# Visual Studio Version 17
VisualStudioVersion = 17.5.002.0
MinimumVisualStudioVersion = 10.0.40219.1
Project("{9A19103F-16F7-4668-BE54-9A1E7A4F7556}") = "dotnet_shop", "dotnet_shop.csproj", "{2BCAE823-61C9-4D88-8959-2FE262A0AA88}"
EndProject
Global
	GlobalSection(SolutionConfigurationPlatforms) = preSolution
		Debug|Any CPU = Debug|Any CPU
		Release|Any CPU = Release|Any CPU
	EndGlobalSection
	GlobalSection(ProjectConfigurationPlatforms) = postSolution
		{2BCAE823-61C9-4D88-8959-2FE262A0AA88}.Debug|Any CPU.ActiveCfg = Debug|Any CPU
		{2BCAE823-61C9-4D88-8959-2FE262A0AA88}.Debug|Any CPU.Build.0 = Debug|Any CPU
		{2BCAE823-61C9-4D88-8959-2FE262A0AA88}.Release|Any CPU.ActiveCfg = Release|Any CPU
		{2BCAE823-61C9-4D88-8959-2FE262A0AA88}.Release|Any CPU.Build.0 = Release|Any CPU
	EndGlobalSection
	GlobalSection(SolutionProperties) = preSolution
		HideSolutionNode = FALSE
	EndGlobalSection
	GlobalSection(ExtensibilityGlobals) = postSolution
		SolutionGuid = {66F80948-9994-4ED2-B557-6DB3525ECD73}
	EndGlobalSection
EndGlobal
